
Microsoft Visual Studio Solution File, Format Version 12.00
# Visual Studio Version 16
VisualStudioVersion = 16.0.29728.190
MinimumVisualStudioVersion = 10.0.40219.1
Project("{FAE04EC0-301F-11D3-BF4B-00C04F79EFBC}") = "Nr_9", "Nr_9\Nr_9.csproj", "{06BD0F56-6DBB-4019-9B76-60A4290BD507}"
EndProject
Global
	GlobalSection(SolutionConfigurationPlatforms) = preSolution
		Debug|Any CPU = Debug|Any CPU
		Release|Any CPU = Release|Any CPU
	EndGlobalSection
	GlobalSection(ProjectConfigurationPlatforms) = postSolution
		{06BD0F56-6DBB-4019-9B76-60A4290BD507}.Debug|Any CPU.ActiveCfg = Debug|Any CPU
		{06BD0F56-6DBB-4019-9B76-60A4290BD507}.Debug|Any CPU.Build.0 = Debug|Any CPU
		{06BD0F56-6DBB-4019-9B76-60A4290BD507}.Release|Any CPU.ActiveCfg = Release|Any CPU
		{06BD0F56-6DBB-4019-9B76-60A4290BD507}.Release|Any CPU.Build.0 = Release|Any CPU
	EndGlobalSection
	GlobalSection(SolutionProperties) = preSolution
		HideSolutionNode = FALSE
	EndGlobalSection
	GlobalSection(ExtensibilityGlobals) = postSolution
		SolutionGuid = {B68DEA31-5601-4068-A2EB-4FC836558B6E}
	EndGlobalSection
EndGlobal
