
Microsoft Visual Studio Solution File, Format Version 12.00
# Visual Studio Version 16
VisualStudioVersion = 16.0.29728.190
MinimumVisualStudioVersion = 10.0.40219.1
Project("{FAE04EC0-301F-11D3-BF4B-00C04F79EFBC}") = "Nr_19", "Nr_19\Nr_19.csproj", "{090EC50A-A98F-48E6-87C1-C6C1F8137350}"
EndProject
Global
	GlobalSection(SolutionConfigurationPlatforms) = preSolution
		Debug|Any CPU = Debug|Any CPU
		Release|Any CPU = Release|Any CPU
	EndGlobalSection
	GlobalSection(ProjectConfigurationPlatforms) = postSolution
		{090EC50A-A98F-48E6-87C1-C6C1F8137350}.Debug|Any CPU.ActiveCfg = Debug|Any CPU
		{090EC50A-A98F-48E6-87C1-C6C1F8137350}.Debug|Any CPU.Build.0 = Debug|Any CPU
		{090EC50A-A98F-48E6-87C1-C6C1F8137350}.Release|Any CPU.ActiveCfg = Release|Any CPU
		{090EC50A-A98F-48E6-87C1-C6C1F8137350}.Release|Any CPU.Build.0 = Release|Any CPU
	EndGlobalSection
	GlobalSection(SolutionProperties) = preSolution
		HideSolutionNode = FALSE
	EndGlobalSection
	GlobalSection(ExtensibilityGlobals) = postSolution
		SolutionGuid = {3F906014-85A7-485E-A1A0-C39B3B6EAA3F}
	EndGlobalSection
EndGlobal
